
Microsoft Visual Studio Solution File, Format Version 12.00
# Visual Studio Version 16
VisualStudioVersion = 16.0.29009.5
MinimumVisualStudioVersion = 10.0.40219.1
Project("{FAE04EC0-301F-11D3-BF4B-00C04F79EFBC}") = "Hl7.Fhir.Core", "Hl7.Fhir.Core\Hl7.Fhir.Core.csproj", "{92CC9186-0A21-4E06-B11F-907584FBFD81}"
EndProject
Project("{FAE04EC0-301F-11D3-BF4B-00C04F79EFBC}") = "Hl7.Fhir.Core.Tests", "Hl7.Fhir.Core.Tests\Hl7.Fhir.Core.Tests.csproj", "{D6CE2817-0931-4D56-B989-AAC5319B78CE}"
EndProject
Global
	GlobalSection(SolutionConfigurationPlatforms) = preSolution
		Debug|Any CPU = Debug|Any CPU
		Release|Any CPU = Release|Any CPU
	EndGlobalSection
	GlobalSection(ProjectConfigurationPlatforms) = postSolution
		{92CC9186-0A21-4E06-B11F-907584FBFD81}.Debug|Any CPU.ActiveCfg = DebugNet40|Any CPU
		{92CC9186-0A21-4E06-B11F-907584FBFD81}.Debug|Any CPU.Build.0 = DebugNet40|Any CPU
		{92CC9186-0A21-4E06-B11F-907584FBFD81}.Release|Any CPU.ActiveCfg = ReleaseNet40|Any CPU
		{92CC9186-0A21-4E06-B11F-907584FBFD81}.Release|Any CPU.Build.0 = ReleaseNet40|Any CPU
		{D6CE2817-0931-4D56-B989-AAC5319B78CE}.Debug|Any CPU.ActiveCfg = DebugNet40|Any CPU
		{D6CE2817-0931-4D56-B989-AAC5319B78CE}.Debug|Any CPU.Build.0 = DebugNet40|Any CPU
		{D6CE2817-0931-4D56-B989-AAC5319B78CE}.Release|Any CPU.ActiveCfg = ReleaseNet40|Any CPU
		{D6CE2817-0931-4D56-B989-AAC5319B78CE}.Release|Any CPU.Build.0 = ReleaseNet40|Any CPU
	EndGlobalSection
	GlobalSection(SolutionProperties) = preSolution
		HideSolutionNode = FALSE
	EndGlobalSection
	GlobalSection(ExtensibilityGlobals) = postSolution
		SolutionGuid = {8175760D-07CD-4CC9-95D5-09E15E21CB85}
	EndGlobalSection
	GlobalSection(MonoDevelopProperties) = preSolution
		StartupItem = src\Hl7.Fhir.Api.csproj
	EndGlobalSection
EndGlobal
